<?xml version="1.0" encoding="utf-8"?>
<Project ToolsVersion="4.0" xmlns="http://schemas.microsoft.com/developer/msbuild/2003">
  <ItemGroup>
    <Filter Include="Source Files">
      <UniqueIdentifier>{4FC737F1-C7A5-4376-A066-2A32D752A2FF}</UniqueIdentifier>
      <Extensions>cpp;c;cc;cxx;c++;cppm;ixx;def;odl;idl;hpj;bat;asm;asmx</Extensions>
    </Filter>
    <Filter Include="Header Files">
      <UniqueIdentifier>{93995380-89BD-4b04-88EB-625FBE52EBFB}</UniqueIdentifier>
      <Extensions>h;hh;hpp;hxx;h++;hm;inl;inc;ipp;xsd</Extensions>
    </Filter>
    <Filter Include="Resource Files">
      <UniqueIdentifier>{67DA6AB6-F800-4c08-8B7A-83BB121AAD01}</UniqueIdentifier>
      <Extensions>rc;ico;cur;bmp;dlg;rc2;rct;bin;rgs;gif;jpg;jpeg;jpe;resx;tiff;tif;png;wav;mfcribbon-ms</Extensions>
    </Filter>
  </ItemGroup>
  <ItemGroup>
    <ClCompile Include="main.cpp">
      <Filter>Source Files</Filter>
    </ClCompile>
    <ClCompile Include="assets\classes\Game.cpp">
      <Filter>Source Files</Filter>
    </ClCompile>
    <ClCompile Include="assets\classes\Device.cpp">
      <Filter>Source Files</Filter>
    </ClCompile>
    <ClCompile Include="assets\classes\SceneManager.cpp">
      <Filter>Source Files</Filter>
    </ClCompile>
    <ClCompile Include="assets\classes\Scene.cpp">
      <Filter>Source Files</Filter>
    </ClCompile>
    <ClCompile Include="assets\classes\Hitbox.cpp">
      <Filter>Source Files</Filter>
    </ClCompile>
    <ClCompile Include="assets\classes\GameObject.cpp">
      <Filter>Source Files</Filter>
    </ClCompile>
    <ClCompile Include="assets\classes\spatial\Grid.cpp">
      <Filter>Source Files</Filter>
    </ClCompile>
    <ClCompile Include="assets\classes\AnimatedSprite.cpp">
      <Filter>Source Files</Filter>
    </ClCompile>
    <ClCompile Include="assets\classes\Sprite.cpp">
      <Filter>Source Files</Filter>
    </ClCompile>
    <ClCompile Include="assets\classes\Camera.cpp">
      <Filter>Source Files</Filter>
    </ClCompile>
    <ClCompile Include="assets\classes\Entity.cpp">
      <Filter>Source Files</Filter>
    </ClCompile>
    <ClCompile Include="assets\classes\Background.cpp">
      <Filter>Source Files</Filter>
    </ClCompile>
    <ClCompile Include="assets\classes\GlobalUtil.cpp">
      <Filter>Source Files</Filter>
    </ClCompile>
    <ClCompile Include="assets\classes\player\Player.cpp">
      <Filter>Source Files</Filter>
    </ClCompile>
    <ClCompile Include="assets\classes\player\HUD.cpp">
      <Filter>Source Files</Filter>
    </ClCompile>
    <ClCompile Include="assets\classes\Tile.cpp">
      <Filter>Source Files</Filter>
    </ClCompile>
    <ClCompile Include="assets\classes\player\Tail.cpp">
      <Filter>Source Files</Filter>
    </ClCompile>
    <ClCompile Include="assets\classes\npc\Goomba.cpp">
      <Filter>Source Files</Filter>
    </ClCompile>
    <ClCompile Include="assets\classes\npc\Paragoomba.cpp">
      <Filter>Source Files</Filter>
    </ClCompile>
    <ClCompile Include="assets\classes\npc\Koopa.cpp">
      <Filter>Source Files</Filter>
    </ClCompile>
    <ClCompile Include="assets\classes\npc\Parakoopa.cpp">
      <Filter>Source Files</Filter>
    </ClCompile>
    <ClCompile Include="assets\classes\npc\PiranaPlant.cpp">
      <Filter>Source Files</Filter>
    </ClCompile>
    <ClCompile Include="assets\classes\npc\VenusPlant.cpp">
      <Filter>Source Files</Filter>
    </ClCompile>
    <ClCompile Include="assets\classes\npc\BoomerBro.cpp">
      <Filter>Source Files</Filter>
    </ClCompile>
    <ClCompile Include="assets\classes\player\state\FallState.cpp">
      <Filter>Source Files</Filter>
    </ClCompile>
    <ClCompile Include="assets\classes\player\state\IdleState.cpp">
      <Filter>Source Files</Filter>
    </ClCompile>
    <ClCompile Include="assets\classes\player\state\JumpState.cpp">
      <Filter>Source Files</Filter>
    </ClCompile>
    <ClCompile Include="assets\classes\player\state\PlayerState.cpp">
      <Filter>Source Files</Filter>
    </ClCompile>
    <ClCompile Include="assets\classes\player\state\RunState.cpp">
      <Filter>Source Files</Filter>
    </ClCompile>
    <ClCompile Include="assets\classes\player\state\CrouchState.cpp">
      <Filter>Source Files</Filter>
    </ClCompile>
    <ClCompile Include="assets\classes\player\state\ThrowState.cpp">
      <Filter>Source Files</Filter>
    </ClCompile>
    <ClCompile Include="assets\classes\player\state\WagState.cpp">
      <Filter>Source Files</Filter>
    </ClCompile>
    <ClCompile Include="assets\classes\projectile\Boomerang.cpp">
      <Filter>Source Files</Filter>
    </ClCompile>
    <ClCompile Include="assets\classes\projectile\Fireball.cpp">
      <Filter>Source Files</Filter>
    </ClCompile>
  </ItemGroup>
  <ItemGroup>
    <ClInclude Include="assets\classes\GlobalUtil.h">
      <Filter>Header Files</Filter>
    </ClInclude>
    <ClInclude Include="assets\classes\Game.h">
      <Filter>Header Files</Filter>
    </ClInclude>
    <ClInclude Include="assets\classes\Device.h">
      <Filter>Header Files</Filter>
    </ClInclude>
    <ClInclude Include="assets\classes\SceneManager.h">
      <Filter>Header Files</Filter>
    </ClInclude>
    <ClInclude Include="assets\classes\Scene.h">
      <Filter>Header Files</Filter>
    </ClInclude>
    <ClInclude Include="assets\classes\Hitbox.h">
      <Filter>Header Files</Filter>
    </ClInclude>
    <ClInclude Include="assets\classes\GameObject.h">
      <Filter>Header Files</Filter>
    </ClInclude>
    <ClInclude Include="assets\classes\spatial\Grid.h">
      <Filter>Header Files</Filter>
    </ClInclude>
    <ClInclude Include="assets\classes\AnimatedSprite.h">
      <Filter>Header Files</Filter>
    </ClInclude>
    <ClInclude Include="assets\classes\Sprite.h">
      <Filter>Header Files</Filter>
    </ClInclude>
    <ClInclude Include="assets\classes\Camera.h">
      <Filter>Header Files</Filter>
    </ClInclude>
    <ClInclude Include="assets\classes\Entity.h">
      <Filter>Header Files</Filter>
    </ClInclude>
    <ClInclude Include="assets\classes\Background.h">
      <Filter>Header Files</Filter>
    </ClInclude>
    <ClInclude Include="assets\classes\player\Player.h">
      <Filter>Header Files</Filter>
    </ClInclude>
    <ClInclude Include="assets\classes\player\HUD.h">
      <Filter>Header Files</Filter>
    </ClInclude>
    <ClInclude Include="assets\classes\Tile.h">
      <Filter>Header Files</Filter>
    </ClInclude>
    <ClInclude Include="assets\classes\player\Tail.h">
      <Filter>Header Files</Filter>
    </ClInclude>
    <ClInclude Include="assets\classes\npc\Goomba.h">
      <Filter>Header Files</Filter>
    </ClInclude>
    <ClInclude Include="assets\classes\npc\Paragoomba.h">
      <Filter>Header Files</Filter>
    </ClInclude>
    <ClInclude Include="assets\classes\npc\Koopa.h">
      <Filter>Header Files</Filter>
    </ClInclude>
    <ClInclude Include="assets\classes\npc\Parakoopa.h">
      <Filter>Header Files</Filter>
    </ClInclude>
    <ClInclude Include="assets\classes\npc\PiranaPlant.h">
      <Filter>Header Files</Filter>
    </ClInclude>
    <ClInclude Include="assets\classes\npc\VenusPlant.h">
      <Filter>Header Files</Filter>
    </ClInclude>
    <ClInclude Include="assets\classes\npc\BoomerBro.h">
      <Filter>Header Files</Filter>
    </ClInclude>
    <ClInclude Include="assets\classes\NPCList.h">
      <Filter>Header Files</Filter>
    </ClInclude>
    <ClInclude Include="assets\classes\player\state\FallState.h">
      <Filter>Header Files</Filter>
    </ClInclude>
    <ClInclude Include="assets\classes\player\state\IdleState.h">
      <Filter>Header Files</Filter>
    </ClInclude>
    <ClInclude Include="assets\classes\player\state\JumpState.h">
      <Filter>Header Files</Filter>
    </ClInclude>
    <ClInclude Include="assets\classes\player\state\PlayerState.h">
      <Filter>Header Files</Filter>
    </ClInclude>
    <ClInclude Include="assets\classes\player\state\RunState.h">
      <Filter>Header Files</Filter>
    </ClInclude>
    <ClInclude Include="assets\classes\player\state\CrouchState.h">
      <Filter>Header Files</Filter>
    </ClInclude>
    <ClInclude Include="assets\classes\player\state\ThrowState.h">
      <Filter>Header Files</Filter>
    </ClInclude>
    <ClInclude Include="assets\classes\player\state\WagState.h">
      <Filter>Header Files</Filter>
    </ClInclude>
    <ClInclude Include="assets\classes\projectile\Boomerang.h">
      <Filter>Header Files</Filter>
    </ClInclude>
    <ClInclude Include="assets\classes\projectile\Fireball.h">
      <Filter>Header Files</Filter>
    </ClInclude>
  </ItemGroup>
  <ItemGroup>
    <None Include="ClassDiagram.cd" />
  </ItemGroup>
</Project>