<?xml version="1.0" encoding="utf-8"?>
<Project ToolsVersion="4.0" xmlns="http://schemas.microsoft.com/developer/msbuild/2003">
  <ItemGroup>
    <Filter Include="Source Files">
      <UniqueIdentifier>{4FC737F1-C7A5-4376-A066-2A32D752A2FF}</UniqueIdentifier>
      <Extensions>cpp;c;cc;cxx;c++;cppm;ixx;def;odl;idl;hpj;bat;asm;asmx</Extensions>
    </Filter>
    <Filter Include="Header Files">
      <UniqueIdentifier>{93995380-89BD-4b04-88EB-625FBE52EBFB}</UniqueIdentifier>
      <Extensions>h;hh;hpp;hxx;h++;hm;inl;inc;ipp;xsd</Extensions>
    </Filter>
    <Filter Include="Resource Files">
      <UniqueIdentifier>{67DA6AB6-F800-4c08-8B7A-83BB121AAD01}</UniqueIdentifier>
      <Extensions>rc;ico;cur;bmp;dlg;rc2;rct;bin;rgs;gif;jpg;jpeg;jpe;resx;tiff;tif;png;wav;mfcribbon-ms</Extensions>
    </Filter>
  </ItemGroup>
  <ItemGroup>
    <ClCompile Include="main.cpp">
      <Filter>Source Files</Filter>
    </ClCompile>
    <ClCompile Include="assets\classes\Game.cpp">
      <Filter>Source Files</Filter>
    </ClCompile>
    <ClCompile Include="assets\classes\Device.cpp">
      <Filter>Source Files</Filter>
    </ClCompile>
    <ClCompile Include="assets\classes\SceneManager.cpp">
      <Filter>Source Files</Filter>
    </ClCompile>
    <ClCompile Include="assets\classes\Scene.cpp">
      <Filter>Source Files</Filter>
    </ClCompile>
    <ClCompile Include="assets\classes\Hitbox.cpp">
      <Filter>Source Files</Filter>
    </ClCompile>
    <ClCompile Include="assets\classes\GameObject.cpp">
      <Filter>Source Files</Filter>
    </ClCompile>
    <ClCompile Include="assets\classes\spatial\Grid.cpp">
      <Filter>Source Files</Filter>
    </ClCompile>
    <ClCompile Include="assets\classes\spatial\Cell.cpp">
      <Filter>Source Files</Filter>
    </ClCompile>
    <ClCompile Include="assets\classes\AnimatedSprite.cpp">
      <Filter>Source Files</Filter>
    </ClCompile>
    <ClCompile Include="assets\classes\Sprite.cpp">
      <Filter>Source Files</Filter>
    </ClCompile>
    <ClCompile Include="assets\classes\Camera.cpp">
      <Filter>Source Files</Filter>
    </ClCompile>
    <ClCompile Include="assets\classes\Entity.cpp">
      <Filter>Source Files</Filter>
    </ClCompile>
    <ClCompile Include="assets\classes\Background.cpp">
      <Filter>Source Files</Filter>
    </ClCompile>
    <ClCompile Include="assets\classes\GlobalUtil.cpp">
      <Filter>Source Files</Filter>
    </ClCompile>
    <ClCompile Include="assets\classes\player\Mario.cpp">
      <Filter>Source Files</Filter>
    </ClCompile>
  </ItemGroup>
  <ItemGroup>
    <ClInclude Include="assets\classes\GlobalUtil.h">
      <Filter>Header Files</Filter>
    </ClInclude>
    <ClInclude Include="assets\classes\Game.h">
      <Filter>Header Files</Filter>
    </ClInclude>
    <ClInclude Include="assets\classes\Device.h">
      <Filter>Header Files</Filter>
    </ClInclude>
    <ClInclude Include="assets\classes\SceneManager.h">
      <Filter>Header Files</Filter>
    </ClInclude>
    <ClInclude Include="assets\classes\Scene.h">
      <Filter>Header Files</Filter>
    </ClInclude>
    <ClInclude Include="assets\classes\Hitbox.h">
      <Filter>Header Files</Filter>
    </ClInclude>
    <ClInclude Include="assets\classes\GameObject.h">
      <Filter>Header Files</Filter>
    </ClInclude>
    <ClInclude Include="assets\classes\spatial\Grid.h">
      <Filter>Header Files</Filter>
    </ClInclude>
    <ClInclude Include="assets\classes\spatial\Cell.h">
      <Filter>Header Files</Filter>
    </ClInclude>
    <ClInclude Include="assets\classes\AnimatedSprite.h">
      <Filter>Header Files</Filter>
    </ClInclude>
    <ClInclude Include="assets\classes\Sprite.h">
      <Filter>Header Files</Filter>
    </ClInclude>
    <ClInclude Include="assets\classes\Camera.h">
      <Filter>Header Files</Filter>
    </ClInclude>
    <ClInclude Include="assets\classes\Entity.h">
      <Filter>Header Files</Filter>
    </ClInclude>
    <ClInclude Include="assets\classes\Background.h">
      <Filter>Header Files</Filter>
    </ClInclude>
    <ClInclude Include="assets\classes\player\Mario.h">
      <Filter>Header Files</Filter>
    </ClInclude>
  </ItemGroup>
</Project>