<?xml version="1.0" encoding="utf-8"?>
<Project ToolsVersion="4.0" xmlns="http://schemas.microsoft.com/developer/msbuild/2003">
  <ItemGroup>
    <Filter Include="Source Files">
      <UniqueIdentifier>{4FC737F1-C7A5-4376-A066-2A32D752A2FF}</UniqueIdentifier>
      <Extensions>cpp;c;cc;cxx;c++;cppm;ixx;def;odl;idl;hpj;bat;asm;asmx</Extensions>
    </Filter>
    <Filter Include="Header Files">
      <UniqueIdentifier>{93995380-89BD-4b04-88EB-625FBE52EBFB}</UniqueIdentifier>
      <Extensions>h;hh;hpp;hxx;h++;hm;inl;inc;ipp;xsd</Extensions>
    </Filter>
    <Filter Include="Resource Files">
      <UniqueIdentifier>{67DA6AB6-F800-4c08-8B7A-83BB121AAD01}</UniqueIdentifier>
      <Extensions>rc;ico;cur;bmp;dlg;rc2;rct;bin;rgs;gif;jpg;jpeg;jpe;resx;tiff;tif;png;wav;mfcribbon-ms</Extensions>
    </Filter>
  </ItemGroup>
  <ItemGroup>
    <ClCompile Include="main.cpp">
      <Filter>Source Files</Filter>
    </ClCompile>
    <ClCompile Include="assets\classes\Game.cpp">
      <Filter>Source Files</Filter>
    </ClCompile>
    <ClCompile Include="assets\classes\Device.cpp">
      <Filter>Source Files</Filter>
    </ClCompile>
    <ClCompile Include="assets\classes\SceneManager.cpp">
      <Filter>Source Files</Filter>
    </ClCompile>
    <ClCompile Include="assets\classes\scene\Scene.cpp">
      <Filter>Source Files</Filter>
    </ClCompile>
    <ClCompile Include="assets\classes\Hitbox.cpp">
      <Filter>Source Files</Filter>
    </ClCompile>
    <ClCompile Include="assets\classes\GameObject.cpp">
      <Filter>Source Files</Filter>
    </ClCompile>
    <ClCompile Include="assets\classes\spatial\Grid.cpp">
      <Filter>Source Files</Filter>
    </ClCompile>
    <ClCompile Include="assets\classes\AnimatedSprite.cpp">
      <Filter>Source Files</Filter>
    </ClCompile>
    <ClCompile Include="assets\classes\Sprite.cpp">
      <Filter>Source Files</Filter>
    </ClCompile>
    <ClCompile Include="assets\classes\Camera.cpp">
      <Filter>Source Files</Filter>
    </ClCompile>
    <ClCompile Include="assets\classes\Entity.cpp">
      <Filter>Source Files</Filter>
    </ClCompile>
    <ClCompile Include="assets\classes\Background.cpp">
      <Filter>Source Files</Filter>
    </ClCompile>
    <ClCompile Include="assets\classes\GlobalUtil.cpp">
      <Filter>Source Files</Filter>
    </ClCompile>
    <ClCompile Include="assets\classes\player\Player.cpp">
      <Filter>Source Files</Filter>
    </ClCompile>
    <ClCompile Include="assets\classes\player\HUD.cpp">
      <Filter>Source Files</Filter>
    </ClCompile>
    <ClCompile Include="assets\classes\Tile.cpp">
      <Filter>Source Files</Filter>
    </ClCompile>
    <ClCompile Include="assets\classes\player\Tail.cpp">
      <Filter>Source Files</Filter>
    </ClCompile>
    <ClCompile Include="assets\classes\npc\Goomba.cpp">
      <Filter>Source Files</Filter>
    </ClCompile>
    <ClCompile Include="assets\classes\npc\Paragoomba.cpp">
      <Filter>Source Files</Filter>
    </ClCompile>
    <ClCompile Include="assets\classes\npc\Koopa.cpp">
      <Filter>Source Files</Filter>
    </ClCompile>
    <ClCompile Include="assets\classes\npc\Parakoopa.cpp">
      <Filter>Source Files</Filter>
    </ClCompile>
    <ClCompile Include="assets\classes\npc\PiranaPlant.cpp">
      <Filter>Source Files</Filter>
    </ClCompile>
    <ClCompile Include="assets\classes\npc\VenusPlant.cpp">
      <Filter>Source Files</Filter>
    </ClCompile>
    <ClCompile Include="assets\classes\npc\BoomerBro.cpp">
      <Filter>Source Files</Filter>
    </ClCompile>
    <ClCompile Include="assets\classes\player\state\FallState.cpp">
      <Filter>Source Files</Filter>
    </ClCompile>
    <ClCompile Include="assets\classes\player\state\IdleState.cpp">
      <Filter>Source Files</Filter>
    </ClCompile>
    <ClCompile Include="assets\classes\player\state\JumpState.cpp">
      <Filter>Source Files</Filter>
    </ClCompile>
    <ClCompile Include="assets\classes\player\state\PlayerState.cpp">
      <Filter>Source Files</Filter>
    </ClCompile>
    <ClCompile Include="assets\classes\player\state\RunState.cpp">
      <Filter>Source Files</Filter>
    </ClCompile>
    <ClCompile Include="assets\classes\player\state\CrouchState.cpp">
      <Filter>Source Files</Filter>
    </ClCompile>
    <ClCompile Include="assets\classes\player\state\ThrowState.cpp">
      <Filter>Source Files</Filter>
    </ClCompile>
    <ClCompile Include="assets\classes\player\state\WagState.cpp">
      <Filter>Source Files</Filter>
    </ClCompile>
    <ClCompile Include="assets\classes\projectile\Boomerang.cpp">
      <Filter>Source Files</Filter>
    </ClCompile>
    <ClCompile Include="assets\classes\projectile\Fireball.cpp">
      <Filter>Source Files</Filter>
    </ClCompile>
    <ClCompile Include="assets\classes\item\Mushroom.cpp">
      <Filter>Source Files</Filter>
    </ClCompile>
    <ClCompile Include="assets\classes\item\Leaf.cpp">
      <Filter>Source Files</Filter>
    </ClCompile>
    <ClCompile Include="assets\classes\item\Coin.cpp">
      <Filter>Source Files</Filter>
    </ClCompile>
    <ClCompile Include="assets\classes\item\BonusItem.cpp">
      <Filter>Source Files</Filter>
    </ClCompile>
    <ClCompile Include="assets\classes\block\QuestionBlock.cpp">
      <Filter>Source Files</Filter>
    </ClCompile>
    <ClCompile Include="assets\classes\block\PBlock.cpp">
      <Filter>Source Files</Filter>
    </ClCompile>
    <ClCompile Include="assets\classes\block\ShinyBrick.cpp">
      <Filter>Source Files</Filter>
    </ClCompile>
    <ClCompile Include="assets\classes\block\Portal.cpp">
      <Filter>Source Files</Filter>
    </ClCompile>
    <ClCompile Include="assets\classes\effect\ScorePopUp.cpp">
      <Filter>Source Files</Filter>
    </ClCompile>
    <ClCompile Include="assets\classes\effect\BrickDebris.cpp">
      <Filter>Source Files</Filter>
    </ClCompile>
    <ClCompile Include="assets\classes\map\Cactus.cpp">
      <Filter>Source Files</Filter>
    </ClCompile>
    <ClCompile Include="assets\classes\map\HelpText.cpp">
      <Filter>Source Files</Filter>
    </ClCompile>
    <ClCompile Include="assets\classes\map\HammerBro.cpp">
      <Filter>Source Files</Filter>
    </ClCompile>
    <ClCompile Include="assets\classes\player\state\MapState.cpp">
      <Filter>Source Files</Filter>
    </ClCompile>
    <ClCompile Include="assets\classes\intro\BuzzyBeetle.cpp">
      <Filter>Source Files</Filter>
    </ClCompile>
    <ClCompile Include="assets\classes\intro\Curtain.cpp">
      <Filter>Source Files</Filter>
    </ClCompile>
    <ClCompile Include="assets\classes\intro\GameIcon.cpp">
      <Filter>Source Files</Filter>
    </ClCompile>
    <ClCompile Include="assets\classes\intro\GameLogo.cpp">
      <Filter>Source Files</Filter>
    </ClCompile>
    <ClCompile Include="assets\classes\intro\PropPlant.cpp">
      <Filter>Source Files</Filter>
    </ClCompile>
    <ClCompile Include="assets\classes\intro\SelectText.cpp">
      <Filter>Source Files</Filter>
    </ClCompile>
    <ClCompile Include="assets\classes\intro\PropPlayer.cpp">
      <Filter>Source Files</Filter>
    </ClCompile>
    <ClCompile Include="assets\classes\scene\SceneIntro.cpp">
      <Filter>Source Files</Filter>
    </ClCompile>
    <ClCompile Include="assets\classes\scene\SceneMap.cpp">
      <Filter>Source Files</Filter>
    </ClCompile>
    <ClCompile Include="assets\classes\scene\ScenePlay.cpp">
      <Filter>Source Files</Filter>
    </ClCompile>
    <ClCompile Include="assets\classes\Pipeline.cpp">
      <Filter>Source Files</Filter>
    </ClCompile>
    <ClCompile Include="assets\classes\item\Star.cpp">
      <Filter>Source Files</Filter>
    </ClCompile>
    <ClCompile Include="assets\classes\intro\PropFastKoopa.cpp">
      <Filter>Source Files</Filter>
    </ClCompile>
    <ClCompile Include="assets\classes\intro\PropKoopaShell.cpp">
      <Filter>Source Files</Filter>
    </ClCompile>
    <ClCompile Include="assets\classes\intro\PropNormalKoopa.cpp">
      <Filter>Source Files</Filter>
    </ClCompile>
    <ClCompile Include="assets\classes\audio\AudioService.cpp">
      <Filter>Source Files</Filter>
    </ClCompile>
    <ClCompile Include="assets\classes\audio\SFMLAudio.cpp">
      <Filter>Source Files</Filter>
    </ClCompile>
    <ClCompile Include="assets\classes\audio\NullAudio.cpp">
      <Filter>Source Files</Filter>
    </ClCompile>
    <ClCompile Include="assets\classes\secret\Dialga.cpp">
      <Filter>Source Files</Filter>
    </ClCompile>
    <ClCompile Include="assets\classes\secret\Palkia.cpp">
      <Filter>Source Files</Filter>
    </ClCompile>
    <ClCompile Include="assets\classes\item\Flower.cpp">
      <Filter>Source Files</Filter>
    </ClCompile>
    <ClCompile Include="assets\classes\block\LavaPool.cpp">
      <Filter>Source Files</Filter>
    </ClCompile>
    <ClCompile Include="assets\classes\npc\DryBones.cpp">
      <Filter>Source Files</Filter>
    </ClCompile>
    <ClCompile Include="assets\classes\projectile\Podoboo.cpp">
      <Filter>Source Files</Filter>
    </ClCompile>
    <ClCompile Include="assets\classes\block\Door.cpp">
      <Filter>Source Files</Filter>
    </ClCompile>
    <ClCompile Include="assets\classes\npc\Rotodisc.cpp">
      <Filter>Source Files</Filter>
    </ClCompile>
    <ClCompile Include="assets\classes\boss\FortressBoss.cpp">
      <Filter>Source Files</Filter>
    </ClCompile>
    <ClCompile Include="assets\classes\npc\MovingCeiling.cpp">
      <Filter>Source Files</Filter>
    </ClCompile>
    <ClCompile Include="assets\classes\item\Orb.cpp">
      <Filter>Source Files</Filter>
    </ClCompile>
    <ClCompile Include="assets\classes\boss\state\BossState.cpp">
      <Filter>Source Files</Filter>
    </ClCompile>
    <ClCompile Include="assets\classes\boss\state\BossIdleState.cpp">
      <Filter>Source Files</Filter>
    </ClCompile>
    <ClCompile Include="assets\classes\boss\state\BossRunState.cpp">
      <Filter>Source Files</Filter>
    </ClCompile>
    <ClCompile Include="assets\classes\boss\state\BossHurtState.cpp">
      <Filter>Source Files</Filter>
    </ClCompile>
    <ClCompile Include="assets\classes\boss\state\BossAttackState.cpp">
      <Filter>Source Files</Filter>
    </ClCompile>
    <ClCompile Include="assets\classes\block\Trigger.cpp">
      <Filter>Source Files</Filter>
    </ClCompile>
    <ClCompile Include="assets\classes\boss\state\BossIntroState.cpp">
      <Filter>Source Files</Filter>
    </ClCompile>
    <ClCompile Include="assets\classes\block\MaskTile.cpp">
      <Filter>Source Files</Filter>
    </ClCompile>
    <ClCompile Include="assets\classes\effect\OrbEffect.cpp">
      <Filter>Source Files</Filter>
    </ClCompile>
    <ClCompile Include="assets\classes\secret\Giratina.cpp">
      <Filter>Source Files</Filter>
    </ClCompile>
  </ItemGroup>
  <ItemGroup>
    <ClInclude Include="assets\classes\GlobalUtil.h">
      <Filter>Header Files</Filter>
    </ClInclude>
    <ClInclude Include="assets\classes\Game.h">
      <Filter>Header Files</Filter>
    </ClInclude>
    <ClInclude Include="assets\classes\Device.h">
      <Filter>Header Files</Filter>
    </ClInclude>
    <ClInclude Include="assets\classes\SceneManager.h">
      <Filter>Header Files</Filter>
    </ClInclude>
    <ClInclude Include="assets\classes\scene\Scene.h">
      <Filter>Header Files</Filter>
    </ClInclude>
    <ClInclude Include="assets\classes\Hitbox.h">
      <Filter>Header Files</Filter>
    </ClInclude>
    <ClInclude Include="assets\classes\GameObject.h">
      <Filter>Header Files</Filter>
    </ClInclude>
    <ClInclude Include="assets\classes\spatial\Grid.h">
      <Filter>Header Files</Filter>
    </ClInclude>
    <ClInclude Include="assets\classes\AnimatedSprite.h">
      <Filter>Header Files</Filter>
    </ClInclude>
    <ClInclude Include="assets\classes\Sprite.h">
      <Filter>Header Files</Filter>
    </ClInclude>
    <ClInclude Include="assets\classes\Camera.h">
      <Filter>Header Files</Filter>
    </ClInclude>
    <ClInclude Include="assets\classes\Entity.h">
      <Filter>Header Files</Filter>
    </ClInclude>
    <ClInclude Include="assets\classes\Background.h">
      <Filter>Header Files</Filter>
    </ClInclude>
    <ClInclude Include="assets\classes\player\Player.h">
      <Filter>Header Files</Filter>
    </ClInclude>
    <ClInclude Include="assets\classes\player\HUD.h">
      <Filter>Header Files</Filter>
    </ClInclude>
    <ClInclude Include="assets\classes\Tile.h">
      <Filter>Header Files</Filter>
    </ClInclude>
    <ClInclude Include="assets\classes\player\Tail.h">
      <Filter>Header Files</Filter>
    </ClInclude>
    <ClInclude Include="assets\classes\npc\Goomba.h">
      <Filter>Header Files</Filter>
    </ClInclude>
    <ClInclude Include="assets\classes\npc\Paragoomba.h">
      <Filter>Header Files</Filter>
    </ClInclude>
    <ClInclude Include="assets\classes\npc\Koopa.h">
      <Filter>Header Files</Filter>
    </ClInclude>
    <ClInclude Include="assets\classes\npc\Parakoopa.h">
      <Filter>Header Files</Filter>
    </ClInclude>
    <ClInclude Include="assets\classes\npc\PiranaPlant.h">
      <Filter>Header Files</Filter>
    </ClInclude>
    <ClInclude Include="assets\classes\npc\VenusPlant.h">
      <Filter>Header Files</Filter>
    </ClInclude>
    <ClInclude Include="assets\classes\npc\BoomerBro.h">
      <Filter>Header Files</Filter>
    </ClInclude>
    <ClInclude Include="assets\classes\EntityList.h">
      <Filter>Header Files</Filter>
    </ClInclude>
    <ClInclude Include="assets\classes\player\state\FallState.h">
      <Filter>Header Files</Filter>
    </ClInclude>
    <ClInclude Include="assets\classes\player\state\IdleState.h">
      <Filter>Header Files</Filter>
    </ClInclude>
    <ClInclude Include="assets\classes\player\state\JumpState.h">
      <Filter>Header Files</Filter>
    </ClInclude>
    <ClInclude Include="assets\classes\player\state\PlayerState.h">
      <Filter>Header Files</Filter>
    </ClInclude>
    <ClInclude Include="assets\classes\player\state\RunState.h">
      <Filter>Header Files</Filter>
    </ClInclude>
    <ClInclude Include="assets\classes\player\state\CrouchState.h">
      <Filter>Header Files</Filter>
    </ClInclude>
    <ClInclude Include="assets\classes\player\state\ThrowState.h">
      <Filter>Header Files</Filter>
    </ClInclude>
    <ClInclude Include="assets\classes\player\state\WagState.h">
      <Filter>Header Files</Filter>
    </ClInclude>
    <ClInclude Include="assets\classes\projectile\Boomerang.h">
      <Filter>Header Files</Filter>
    </ClInclude>
    <ClInclude Include="assets\classes\projectile\Fireball.h">
      <Filter>Header Files</Filter>
    </ClInclude>
    <ClInclude Include="assets\classes\item\Mushroom.h">
      <Filter>Header Files</Filter>
    </ClInclude>
    <ClInclude Include="assets\classes\item\Leaf.h">
      <Filter>Header Files</Filter>
    </ClInclude>
    <ClInclude Include="assets\classes\item\Coin.h">
      <Filter>Header Files</Filter>
    </ClInclude>
    <ClInclude Include="assets\classes\item\BonusItem.h">
      <Filter>Header Files</Filter>
    </ClInclude>
    <ClInclude Include="assets\classes\block\QuestionBlock.h">
      <Filter>Header Files</Filter>
    </ClInclude>
    <ClInclude Include="assets\classes\block\PBlock.h">
      <Filter>Header Files</Filter>
    </ClInclude>
    <ClInclude Include="assets\classes\block\ShinyBrick.h">
      <Filter>Header Files</Filter>
    </ClInclude>
    <ClInclude Include="assets\classes\block\Portal.h">
      <Filter>Header Files</Filter>
    </ClInclude>
    <ClInclude Include="assets\classes\effect\ScorePopUp.h">
      <Filter>Header Files</Filter>
    </ClInclude>
    <ClInclude Include="assets\classes\effect\BrickDebris.h">
      <Filter>Header Files</Filter>
    </ClInclude>
    <ClInclude Include="assets\classes\map\Cactus.h">
      <Filter>Header Files</Filter>
    </ClInclude>
    <ClInclude Include="assets\classes\map\HelpText.h">
      <Filter>Header Files</Filter>
    </ClInclude>
    <ClInclude Include="assets\classes\map\HammerBro.h">
      <Filter>Header Files</Filter>
    </ClInclude>
    <ClInclude Include="assets\classes\player\state\MapState.h">
      <Filter>Header Files</Filter>
    </ClInclude>
    <ClInclude Include="assets\classes\intro\BuzzyBeetle.h">
      <Filter>Header Files</Filter>
    </ClInclude>
    <ClInclude Include="assets\classes\intro\Curtain.h">
      <Filter>Header Files</Filter>
    </ClInclude>
    <ClInclude Include="assets\classes\intro\GameIcon.h">
      <Filter>Header Files</Filter>
    </ClInclude>
    <ClInclude Include="assets\classes\intro\GameLogo.h">
      <Filter>Header Files</Filter>
    </ClInclude>
    <ClInclude Include="assets\classes\intro\PropPlant.h">
      <Filter>Header Files</Filter>
    </ClInclude>
    <ClInclude Include="assets\classes\intro\SelectText.h">
      <Filter>Header Files</Filter>
    </ClInclude>
    <ClInclude Include="assets\classes\intro\PropPlayer.h">
      <Filter>Header Files</Filter>
    </ClInclude>
    <ClInclude Include="assets\classes\scene\SceneIntro.h">
      <Filter>Header Files</Filter>
    </ClInclude>
    <ClInclude Include="assets\classes\scene\SceneMap.h">
      <Filter>Header Files</Filter>
    </ClInclude>
    <ClInclude Include="assets\classes\scene\ScenePlay.h">
      <Filter>Header Files</Filter>
    </ClInclude>
    <ClInclude Include="assets\classes\Pipeline.h">
      <Filter>Header Files</Filter>
    </ClInclude>
    <ClInclude Include="assets\classes\item\Star.h">
      <Filter>Header Files</Filter>
    </ClInclude>
    <ClInclude Include="assets\classes\intro\PropFastKoopa.h">
      <Filter>Header Files</Filter>
    </ClInclude>
    <ClInclude Include="assets\classes\intro\PropKoopaShell.h">
      <Filter>Header Files</Filter>
    </ClInclude>
    <ClInclude Include="assets\classes\intro\PropNormalKoopa.h">
      <Filter>Header Files</Filter>
    </ClInclude>
    <ClInclude Include="assets\classes\audio\Audio.h">
      <Filter>Header Files</Filter>
    </ClInclude>
    <ClInclude Include="assets\classes\audio\AudioService.h">
      <Filter>Header Files</Filter>
    </ClInclude>
    <ClInclude Include="assets\classes\audio\SFMLAudio.h">
      <Filter>Header Files</Filter>
    </ClInclude>
    <ClInclude Include="assets\classes\audio\NullAudio.h">
      <Filter>Header Files</Filter>
    </ClInclude>
    <ClInclude Include="assets\classes\secret\Dialga.h">
      <Filter>Header Files</Filter>
    </ClInclude>
    <ClInclude Include="assets\classes\secret\Palkia.h">
      <Filter>Header Files</Filter>
    </ClInclude>
    <ClInclude Include="assets\classes\item\Flower.h">
      <Filter>Header Files</Filter>
    </ClInclude>
    <ClInclude Include="assets\classes\block\LavaPool.h">
      <Filter>Header Files</Filter>
    </ClInclude>
    <ClInclude Include="assets\classes\npc\DryBones.h">
      <Filter>Header Files</Filter>
    </ClInclude>
    <ClInclude Include="assets\classes\projectile\Podoboo.h">
      <Filter>Header Files</Filter>
    </ClInclude>
    <ClInclude Include="assets\classes\block\Door.h">
      <Filter>Header Files</Filter>
    </ClInclude>
    <ClInclude Include="assets\classes\npc\Rotodisc.h">
      <Filter>Header Files</Filter>
    </ClInclude>
    <ClInclude Include="assets\classes\boss\FortressBoss.h">
      <Filter>Header Files</Filter>
    </ClInclude>
    <ClInclude Include="assets\classes\npc\MovingCeiling.h">
      <Filter>Header Files</Filter>
    </ClInclude>
    <ClInclude Include="assets\classes\item\Orb.h">
      <Filter>Header Files</Filter>
    </ClInclude>
    <ClInclude Include="assets\classes\boss\state\BossState.h">
      <Filter>Header Files</Filter>
    </ClInclude>
    <ClInclude Include="assets\classes\boss\state\BossIdleState.h">
      <Filter>Header Files</Filter>
    </ClInclude>
    <ClInclude Include="assets\classes\boss\state\BossRunState.h">
      <Filter>Header Files</Filter>
    </ClInclude>
    <ClInclude Include="assets\classes\boss\state\BossHurtState.h">
      <Filter>Header Files</Filter>
    </ClInclude>
    <ClInclude Include="assets\classes\boss\state\BossAttackState.h">
      <Filter>Header Files</Filter>
    </ClInclude>
    <ClInclude Include="assets\classes\block\Trigger.h">
      <Filter>Header Files</Filter>
    </ClInclude>
    <ClInclude Include="assets\classes\boss\state\BossIntroState.h">
      <Filter>Header Files</Filter>
    </ClInclude>
    <ClInclude Include="assets\classes\block\MaskTile.h">
      <Filter>Header Files</Filter>
    </ClInclude>
    <ClInclude Include="assets\classes\effect\OrbEffect.h">
      <Filter>Header Files</Filter>
    </ClInclude>
    <ClInclude Include="assets\classes\secret\Giratina.h">
      <Filter>Header Files</Filter>
    </ClInclude>
  </ItemGroup>
  <ItemGroup>
    <None Include="packages.config" />
    <None Include="ClassDiagram.cd" />
  </ItemGroup>
</Project>